// !$*UTF8*$!
{
	archiveVersion = 1;
	classes = {
	};
	objectVersion = 46;
	objects = {

/* Begin PBXBuildFile section */
		18A8C1331BB24EC600032A94 /* main.m in Sources */ = {isa = PBXBuildFile; fileRef = 18A8C1321BB24EC600032A94 /* main.m */; };
		18A8C1361BB24EC600032A94 /* AppDelegate.m in Sources */ = {isa = PBXBuildFile; fileRef = 18A8C1351BB24EC600032A94 /* AppDelegate.m */; };
		18A8C1391BB24EC600032A94 /* ViewController.m in Sources */ = {isa = PBXBuildFile; fileRef = 18A8C1381BB24EC600032A94 /* ViewController.m */; };
		18A8C13C1BB24EC600032A94 /* Main.storyboard in Resources */ = {isa = PBXBuildFile; fileRef = 18A8C13A1BB24EC600032A94 /* Main.storyboard */; };
		18A8C13E1BB24EC700032A94 /* Images.xcassets in Resources */ = {isa = PBXBuildFile; fileRef = 18A8C13D1BB24EC700032A94 /* Images.xcassets */; };
		18A8C1411BB24EC700032A94 /* LaunchScreen.xib in Resources */ = {isa = PBXBuildFile; fileRef = 18A8C13F1BB24EC700032A94 /* LaunchScreen.xib */; };
		18A8C14D1BB24EC700032A94 /* DouDemoTests.m in Sources */ = {isa = PBXBuildFile; fileRef = 18A8C14C1BB24EC700032A94 /* DouDemoTests.m */; };
/* End PBXBuildFile section */

/* Begin PBXContainerItemProxy section */
		18A8C1471BB24EC700032A94 /* PBXContainerItemProxy */ = {
			isa = PBXContainerItemProxy;
			containerPortal = 18A8C1251BB24EC600032A94 /* Project object */;
			proxyType = 1;
			remoteGlobalIDString = 18A8C12C1BB24EC600032A94;
			remoteInfo = DouDemo;
		};
/* End PBXContainerItemProxy section */

/* Begin PBXFileReference section */
		18A8C12D1BB24EC600032A94 /* DouDemo.app */ = {isa = PBXFileReference; explicitFileType = wrapper.application; includeInIndex = 0; path = DouDemo.app; sourceTree = BUILT_PRODUCTS_DIR; };
		18A8C1311BB24EC600032A94 /* Info.plist */ = {isa = PBXFileReference; lastKnownFileType = text.plist.xml; path = Info.plist; sourceTree = "<group>"; };
		18A8C1321BB24EC600032A94 /* main.m */ = {isa = PBXFileReference; lastKnownFileType = sourcecode.c.objc; path = main.m; sourceTree = "<group>"; };
		18A8C1341BB24EC600032A94 /* AppDelegate.h */ = {isa = PBXFileReference; lastKnownFileType = sourcecode.c.h; path = AppDelegate.h; sourceTree = "<group>"; };
		18A8C1351BB24EC600032A94 /* AppDelegate.m */ = {isa = PBXFileReference; lastKnownFileType = sourcecode.c.objc; path = AppDelegate.m; sourceTree = "<group>"; };
		18A8C1371BB24EC600032A94 /* ViewController.h */ = {isa = PBXFileReference; lastKnownFileType = sourcecode.c.h; path = ViewController.h; sourceTree = "<group>"; };
		18A8C1381BB24EC600032A94 /* ViewController.m */ = {isa = PBXFileReference; lastKnownFileType = sourcecode.c.objc; path = ViewController.m; sourceTree = "<group>"; };
		18A8C13B1BB24EC600032A94 /* Base */ = {isa = PBXFileReference; lastKnownFileType = file.storyboard; name = Base; path = Base.lproj/Main.storyboard; sourceTree = "<group>"; };
		18A8C13D1BB24EC700032A94 /* Images.xcassets */ = {isa = PBXFileReference; lastKnownFileType = folder.assetcatalog; path = Images.xcassets; sourceTree = "<group>"; };
		18A8C1401BB24EC700032A94 /* Base */ = {isa = PBXFileReference; lastKnownFileType = file.xib; name = Base; path = Base.lproj/LaunchScreen.xib; sourceTree = "<group>"; };
		18A8C1461BB24EC700032A94 /* DouDemoTests.xctest */ = {isa = PBXFileReference; explicitFileType = wrapper.cfbundle; includeInIndex = 0; path = DouDemoTests.xctest; sourceTree = BUILT_PRODUCTS_DIR; };
		18A8C14B1BB24EC700032A94 /* Info.plist */ = {isa = PBXFileReference; lastKnownFileType = text.plist.xml; path = Info.plist; sourceTree = "<group>"; };
		18A8C14C1BB24EC700032A94 /* DouDemoTests.m */ = {isa = PBXFileReference; lastKnownFileType = sourcecode.c.objc; path = DouDemoTests.m; sourceTree = "<group>"; };
/* End PBXFileReference section */

/* Begin PBXFrameworksBuildPhase section */
		18A8C12A1BB24EC600032A94 /* Frameworks */ = {
			isa = PBXFrameworksBuildPhase;
			buildActionMask = 2147483647;
			files = (
			);
			runOnlyForDeploymentPostprocessing = 0;
		};
		18A8C1431BB24EC700032A94 /* Frameworks */ = {
			isa = PBXFrameworksBuildPhase;
			buildActionMask = 2147483647;
			files = (
			);
			runOnlyForDeploymentPostprocessing = 0;
		};
/* End PBXFrameworksBuildPhase section */

/* Begin PBXGroup section */
		18A8C1241BB24EC600032A94 = {
			isa = PBXGroup;
			children = (
				18A8C12F1BB24EC600032A94 /* DouDemo */,
				18A8C1491BB24EC700032A94 /* DouDemoTests */,
				18A8C12E1BB24EC600032A94 /* Products */,
			);
			sourceTree = "<group>";
		};
		18A8C12E1BB24EC600032A94 /* Products */ = {
			isa = PBXGroup;
			children = (
				18A8C12D1BB24EC600032A94 /* DouDemo.app */,
				18A8C1461BB24EC700032A94 /* DouDemoTests.xctest */,
			);
			name = Products;
			sourceTree = "<group>";
		};
		18A8C12F1BB24EC600032A94 /* DouDemo */ = {
			isa = PBXGroup;
			children = (
				18A8C1341BB24EC600032A94 /* AppDelegate.h */,
				18A8C1351BB24EC600032A94 /* AppDelegate.m */,
				18A8C1371BB24EC600032A94 /* ViewController.h */,
				18A8C1381BB24EC600032A94 /* ViewController.m */,
				18A8C13A1BB24EC600032A94 /* Main.storyboard */,
				18A8C13D1BB24EC700032A94 /* Images.xcassets */,
				18A8C13F1BB24EC700032A94 /* LaunchScreen.xib */,
				18A8C1301BB24EC600032A94 /* Supporting Files */,
			);
			path = DouDemo;
			sourceTree = "<group>";
		};
		18A8C1301BB24EC600032A94 /* Supporting Files */ = {
			isa = PBXGroup;
			children = (
				18A8C1311BB24EC600032A94 /* Info.plist */,
				18A8C1321BB24EC600032A94 /* main.m */,
			);
			name = "Supporting Files";
			sourceTree = "<group>";
		};
		18A8C1491BB24EC700032A94 /* DouDemoTests */ = {
			isa = PBXGroup;
			children = (
				18A8C14C1BB24EC700032A94 /* DouDemoTests.m */,
				18A8C14A1BB24EC700032A94 /* Supporting Files */,
			);
			path = DouDemoTests;
			sourceTree = "<group>";
		};
		18A8C14A1BB24EC700032A94 /* Supporting Files */ = {
			isa = PBXGroup;
			children = (
				18A8C14B1BB24EC700032A94 /* Info.plist */,
			);
			name = "Supporting Files";
			sourceTree = "<group>";
		};
/* End PBXGroup section */

/* Begin PBXNativeTarget section */
		18A8C12C1BB24EC600032A94 /* DouDemo */ = {
			isa = PBXNativeTarget;
			buildConfigurationList = 18A8C1501BB24EC700032A94 /* Build configuration list for PBXNativeTarget "DouDemo" */;
			buildPhases = (
				18A8C1291BB24EC600032A94 /* Sources */,
				18A8C12A1BB24EC600032A94 /* Frameworks */,
				18A8C12B1BB24EC600032A94 /* Resources */,
			);
			buildRules = (
			);
			dependencies = (
			);
			name = DouDemo;
			productName = DouDemo;
			productReference = 18A8C12D1BB24EC600032A94 /* DouDemo.app */;
			productType = "com.apple.product-type.application";
		};
		18A8C1451BB24EC700032A94 /* DouDemoTests */ = {
			isa = PBXNativeTarget;
			buildConfigurationList = 18A8C1531BB24EC700032A94 /* Build configuration list for PBXNativeTarget "DouDemoTests" */;
			buildPhases = (
				18A8C1421BB24EC700032A94 /* Sources */,
				18A8C1431BB24EC700032A94 /* Frameworks */,
				18A8C1441BB24EC700032A94 /* Resources */,
			);
			buildRules = (
			);
			dependencies = (
				18A8C1481BB24EC700032A94 /* PBXTargetDependency */,
			);
			name = DouDemoTests;
			productName = DouDemoTests;
			productReference = 18A8C1461BB24EC700032A94 /* DouDemoTests.xctest */;
			productType = "com.apple.product-type.bundle.unit-test";
		};
/* End PBXNativeTarget section */

/* Begin PBXProject section */
		18A8C1251BB24EC600032A94 /* Project object */ = {
			isa = PBXProject;
			attributes = {
				LastUpgradeCheck = 0630;
				ORGANIZATIONNAME = lixiao;
				TargetAttributes = {
					18A8C12C1BB24EC600032A94 = {
						CreatedOnToolsVersion = 6.3.1;
					};
					18A8C1451BB24EC700032A94 = {
						CreatedOnToolsVersion = 6.3.1;
						TestTargetID = 18A8C12C1BB24EC600032A94;
					};
				};
			};
			buildConfigurationList = 18A8C1281BB24EC600032A94 /* Build configuration list for PBXProject "DouDemo" */;
			compatibilityVersion = "Xcode 3.2";
			developmentRegion = English;
			hasScannedForEncodings = 0;
			knownRegions = (
				en,
				Base,
			);
			mainGroup = 18A8C1241BB24EC600032A94;
			productRefGroup = 18A8C12E1BB24EC600032A94 /* Products */;
			projectDirPath = "";
			projectRoot = "";
			targets = (
				18A8C12C1BB24EC600032A94 /* DouDemo */,
				18A8C1451BB24EC700032A94 /* DouDemoTests */,
			);
		};
/* End PBXProject section */

/* Begin PBXResourcesBuildPhase section */
		18A8C12B1BB24EC600032A94 /* Resources */ = {
			isa = PBXResourcesBuildPhase;
			buildActionMask = 2147483647;
			files = (
				18A8C13C1BB24EC600032A94 /* Main.storyboard in Resources */,
				18A8C1411BB24EC700032A94 /* LaunchScreen.xib in Resources */,
				18A8C13E1BB24EC700032A94 /* Images.xcassets in Resources */,
			);
			runOnlyForDeploymentPostprocessing = 0;
		};
		18A8C1441BB24EC700032A94 /* Resources */ = {
			isa = PBXResourcesBuildPhase;
			buildActionMask = 2147483647;
			files = (
			);
			runOnlyForDeploymentPostprocessing = 0;
		};
/* End PBXResourcesBuildPhase section */

/* Begin PBXSourcesBuildPhase section */
		18A8C1291BB24EC600032A94 /* Sources */ = {
			isa = PBXSourcesBuildPhase;
			buildActionMask = 2147483647;
			files = (
				18A8C1391BB24EC600032A94 /* ViewController.m in Sources */,
				18A8C1361BB24EC600032A94 /* AppDelegate.m in Sources */,
				18A8C1331BB24EC600032A94 /* main.m in Sources */,
			);
			runOnlyForDeploymentPostprocessing = 0;
		};
		18A8C1421BB24EC700032A94 /* Sources */ = {
			isa = PBXSourcesBuildPhase;
			buildActionMask = 2147483647;
			files = (
				18A8C14D1BB24EC700032A94 /* DouDemoTests.m in Sources */,
			);
			runOnlyForDeploymentPostprocessing = 0;
		};
/* End PBXSourcesBuildPhase section */

/* Begin PBXTargetDependency section */
		18A8C1481BB24EC700032A94 /* PBXTargetDependency */ = {
			isa = PBXTargetDependency;
			target = 18A8C12C1BB24EC600032A94 /* DouDemo */;
			targetProxy = 18A8C1471BB24EC700032A94 /* PBXContainerItemProxy */;
		};
/* End PBXTargetDependency section */

/* Begin PBXVariantGroup section */
		18A8C13A1BB24EC600032A94 /* Main.storyboard */ = {
			isa = PBXVariantGroup;
			children = (
				18A8C13B1BB24EC600032A94 /* Base */,
			);
			name = Main.storyboard;
			sourceTree = "<group>";
		};
		18A8C13F1BB24EC700032A94 /* LaunchScreen.xib */ = {
			isa = PBXVariantGroup;
			children = (
				18A8C1401BB24EC700032A94 /* Base */,
			);
			name = LaunchScreen.xib;
			sourceTree = "<group>";
		};
/* End PBXVariantGroup section */

/* Begin XCBuildConfiguration section */
		18A8C14E1BB24EC700032A94 /* Debug */ = {
			isa = XCBuildConfiguration;
			buildSettings = {
				ALWAYS_SEARCH_USER_PATHS = NO;
				CLANG_CXX_LANGUAGE_STANDARD = "gnu++0x";
				CLANG_CXX_LIBRARY = "libc++";
				CLANG_ENABLE_MODULES = YES;
				CLANG_ENABLE_OBJC_ARC = YES;
				CLANG_WARN_BOOL_CONVERSION = YES;
				CLANG_WARN_CONSTANT_CONVERSION = YES;
				CLANG_WARN_DIRECT_OBJC_ISA_USAGE = YES_ERROR;
				CLANG_WARN_EMPTY_BODY = YES;
				CLANG_WARN_ENUM_CONVERSION = YES;
				CLANG_WARN_INT_CONVERSION = YES;
				CLANG_WARN_OBJC_ROOT_CLASS = YES_ERROR;
				CLANG_WARN_UNREACHABLE_CODE = YES;
				CLANG_WARN__DUPLICATE_METHOD_MATCH = YES;
				"CODE_SIGN_IDENTITY[sdk=iphoneos*]" = "iPhone Developer";
				COPY_PHASE_STRIP = NO;
				DEBUG_INFORMATION_FORMAT = "dwarf-with-dsym";
				ENABLE_STRICT_OBJC_MSGSEND = YES;
				GCC_C_LANGUAGE_STANDARD = gnu99;
				GCC_DYNAMIC_NO_PIC = NO;
				GCC_NO_COMMON_BLOCKS = YES;
				GCC_OPTIMIZATION_LEVEL = 0;
				GCC_PREPROCESSOR_DEFINITIONS = (
					"DEBUG=1",
					"$(inherited)",
				);
				GCC_SYMBOLS_PRIVATE_EXTERN = NO;
				GCC_WARN_64_TO_32_BIT_CONVERSION = YES;
				GCC_WARN_ABOUT_RETURN_TYPE = YES_ERROR;
				GCC_WARN_UNDECLARED_SELECTOR = YES;
				GCC_WARN_UNINITIALIZED_AUTOS = YES_AGGRESSIVE;
				GCC_WARN_UNUSED_FUNCTION = YES;
				GCC_WARN_UNUSED_VARIABLE = YES;
				IPHONEOS_DEPLOYMENT_TARGET = 8.3;
				MTL_ENABLE_DEBUG_INFO = YES;
				ONLY_ACTIVE_ARCH = YES;
				SDKROOT = iphoneos;
			};
			name = Debug;
		};
		18A8C14F1BB24EC700032A94 /* Release */ = {
			isa = XCBuildConfiguration;
			buildSettings = {
				ALWAYS_SEARCH_USER_PATHS = NO;
				CLANG_CXX_LANGUAGE_STANDARD = "gnu++0x";
				CLANG_CXX_LIBRARY = "libc++";
				CLANG_ENABLE_MODULES = YES;
				CLANG_ENABLE_OBJC_ARC = YES;
				CLANG_WARN_BOOL_CONVERSION = YES;
				CLANG_WARN_CONSTANT_CONVERSION = YES;
				CLANG_WARN_DIRECT_OBJC_ISA_USAGE = YES_ERROR;
				CLANG_WARN_EMPTY_BODY = YES;
				CLANG_WARN_ENUM_CONVERSION = YES;
				CLANG_WARN_INT_CONVERSION = YES;
				CLANG_WARN_OBJC_ROOT_CLASS = YES_ERROR;
				CLANG_WARN_UNREACHABLE_CODE = YES;
				CLANG_WARN__DUPLICATE_METHOD_MATCH = YES;
				"CODE_SIGN_IDENTITY[sdk=iphoneos*]" = "iPhone Developer";
				COPY_PHASE_STRIP = NO;
				DEBUG_INFORMATION_FORMAT = "dwarf-with-dsym";
				ENABLE_NS_ASSERTIONS = NO;
				ENABLE_STRICT_OBJC_MSGSEND = YES;
				GCC_C_LANGUAGE_STANDARD = gnu99;
				GCC_NO_COMMON_BLOCKS = YES;
				GCC_WARN_64_TO_32_BIT_CONVERSION = YES;
				GCC_WARN_ABOUT_RETURN_TYPE = YES_ERROR;
				GCC_WARN_UNDECLARED_SELECTOR = YES;
				GCC_WARN_UNINITIALIZED_AUTOS = YES_AGGRESSIVE;
				GCC_WARN_UNUSED_FUNCTION = YES;
				GCC_WARN_UNUSED_VARIABLE = YES;
				IPHONEOS_DEPLOYMENT_TARGET = 8.3;
				MTL_ENABLE_DEBUG_INFO = NO;
				SDKROOT = iphoneos;
				VALIDATE_PRODUCT = YES;
			};
			name = Release;
		};
		18A8C1511BB24EC700032A94 /* Debug */ = {
			isa = XCBuildConfiguration;
			buildSettings = {
				ASSETCATALOG_COMPILER_APPICON_NAME = AppIcon;
				INFOPLIST_FILE = DouDemo/Info.plist;
				LD_RUNPATH_SEARCH_PATHS = "$(inherited) @executable_path/Frameworks";
				PRODUCT_NAME = "$(TARGET_NAME)";
			};
			name = Debug;
		};
		18A8C1521BB24EC700032A94 /* Release */ = {
			isa = XCBuildConfiguration;
			buildSettings = {
				ASSETCATALOG_COMPILER_APPICON_NAME = AppIcon;
				INFOPLIST_FILE = DouDemo/Info.plist;
				LD_RUNPATH_SEARCH_PATHS = "$(inherited) @executable_path/Frameworks";
				PRODUCT_NAME = "$(TARGET_NAME)";
			};
			name = Release;
		};
		18A8C1541BB24EC700032A94 /* Debug */ = {
			isa = XCBuildConfiguration;
			buildSettings = {
				BUNDLE_LOADER = "$(TEST_HOST)";
				FRAMEWORK_SEARCH_PATHS = (
					"$(SDKROOT)/Developer/Library/Frameworks",
					"$(inherited)",
				);
				GCC_PREPROCESSOR_DEFINITIONS = (
					"DEBUG=1",
					"$(inherited)",
				);
				INFOPLIST_FILE = DouDemoTests/Info.plist;
				LD_RUNPATH_SEARCH_PATHS = "$(inherited) @executable_path/Frameworks @loader_path/Frameworks";
				PRODUCT_NAME = "$(TARGET_NAME)";
				TEST_HOST = "$(BUILT_PRODUCTS_DIR)/DouDemo.app/DouDemo";
			};
			name = Debug;
		};
		18A8C1551BB24EC700032A94 /* Release */ = {
			isa = XCBuildConfiguration;
			buildSettings = {
				BUNDLE_LOADER = "$(TEST_HOST)";
				FRAMEWORK_SEARCH_PATHS = (
					"$(SDKROOT)/Developer/Library/Frameworks",
					"$(inherited)",
				);
				INFOPLIST_FILE = DouDemoTests/Info.plist;
				LD_RUNPATH_SEARCH_PATHS = "$(inherited) @executable_path/Frameworks @loader_path/Frameworks";
				PRODUCT_NAME = "$(TARGET_NAME)";
				TEST_HOST = "$(BUILT_PRODUCTS_DIR)/DouDemo.app/DouDemo";
			};
			name = Release;
		};
/* End XCBuildConfiguration section */

/* Begin XCConfigurationList section */
		18A8C1281BB24EC600032A94 /* Build configuration list for PBXProject "DouDemo" */ = {
			isa = XCConfigurationList;
			buildConfigurations = (
				18A8C14E1BB24EC700032A94 /* Debug */,
				18A8C14F1BB24EC700032A94 /* Release */,
			);
			defaultConfigurationIsVisible = 0;
			defaultConfigurationName = Release;
		};
		18A8C1501BB24EC700032A94 /* Build configuration list for PBXNativeTarget "DouDemo" */ = {
			isa = XCConfigurationList;
			buildConfigurations = (
				18A8C1511BB24EC700032A94 /* Debug */,
				18A8C1521BB24EC700032A94 /* Release */,
			);
			defaultConfigurationIsVisible = 0;
		};
		18A8C1531BB24EC700032A94 /* Build configuration list for PBXNativeTarget "DouDemoTests" */ = {
			isa = XCConfigurationList;
			buildConfigurations = (
				18A8C1541BB24EC700032A94 /* Debug */,
				18A8C1551BB24EC700032A94 /* Release */,
			);
			defaultConfigurationIsVisible = 0;
		};
/* End XCConfigurationList section */
	};
	rootObject = 18A8C1251BB24EC600032A94 /* Project object */;
}
